// !$*UTF8*$!
{
	archiveVersion = 1;
	classes = {
	};
	objectVersion = 46;
	objects = {

/* Begin PBXBuildFile section */
		4E1B8FCA1DE27362008F1AFE /* OFL.txt in Resources */ = {isa = PBXBuildFile; fileRef = 4E1B8FC51DE27362008F1AFE /* OFL.txt */; };
		4E1B8FCB1DE27362008F1AFE /* PT_Sans-Web-Bold.ttf in Resources */ = {isa = PBXBuildFile; fileRef = 4E1B8FC61DE27362008F1AFE /* PT_Sans-Web-Bold.ttf */; };
		4E1B8FCC1DE27362008F1AFE /* PT_Sans-Web-BoldItalic.ttf in Resources */ = {isa = PBXBuildFile; fileRef = 4E1B8FC71DE27362008F1AFE /* PT_Sans-Web-BoldItalic.ttf */; };
		4E1B8FCD1DE27362008F1AFE /* PT_Sans-Web-Italic.ttf in Resources */ = {isa = PBXBuildFile; fileRef = 4E1B8FC81DE27362008F1AFE /* PT_Sans-Web-Italic.ttf */; };
		4E1B8FCE1DE27362008F1AFE /* PT_Sans-Web-Regular.ttf in Resources */ = {isa = PBXBuildFile; fileRef = 4E1B8FC91DE27362008F1AFE /* PT_Sans-Web-Regular.ttf */; };
		4E4531E31DE24AC4006DAAAB /* AppDelegate.swift in Sources */ = {isa = PBXBuildFile; fileRef = 4E4531E21DE24AC4006DAAAB /* AppDelegate.swift */; };
		4E4531E51DE24AC4006DAAAB /* FirstViewController.swift in Sources */ = {isa = PBXBuildFile; fileRef = 4E4531E41DE24AC4006DAAAB /* FirstViewController.swift */; };
		4E4531E71DE24AC4006DAAAB /* SecondViewController.swift in Sources */ = {isa = PBXBuildFile; fileRef = 4E4531E61DE24AC4006DAAAB /* SecondViewController.swift */; };
		4E4531EA1DE24AC4006DAAAB /* Main.storyboard in Resources */ = {isa = PBXBuildFile; fileRef = 4E4531E81DE24AC4006DAAAB /* Main.storyboard */; };
		4E4531EC1DE24AC4006DAAAB /* Assets.xcassets in Resources */ = {isa = PBXBuildFile; fileRef = 4E4531EB1DE24AC4006DAAAB /* Assets.xcassets */; };
		4E4531EF1DE24AC4006DAAAB /* LaunchScreen.storyboard in Resources */ = {isa = PBXBuildFile; fileRef = 4E4531ED1DE24AC4006DAAAB /* LaunchScreen.storyboard */; };
		4EA87AF41DE5F6A60063CE03 /* Utilities.swift in Sources */ = {isa = PBXBuildFile; fileRef = 4EA87AF31DE5F6A60063CE03 /* Utilities.swift */; };
/* End PBXBuildFile section */

/* Begin PBXFileReference section */
		4E1B8FC51DE27362008F1AFE /* OFL.txt */ = {isa = PBXFileReference; fileEncoding = 4; lastKnownFileType = text; path = OFL.txt; sourceTree = "<group>"; };
		4E1B8FC61DE27362008F1AFE /* PT_Sans-Web-Bold.ttf */ = {isa = PBXFileReference; lastKnownFileType = file; path = "PT_Sans-Web-Bold.ttf"; sourceTree = "<group>"; };
		4E1B8FC71DE27362008F1AFE /* PT_Sans-Web-BoldItalic.ttf */ = {isa = PBXFileReference; lastKnownFileType = file; path = "PT_Sans-Web-BoldItalic.ttf"; sourceTree = "<group>"; };
		4E1B8FC81DE27362008F1AFE /* PT_Sans-Web-Italic.ttf */ = {isa = PBXFileReference; lastKnownFileType = file; path = "PT_Sans-Web-Italic.ttf"; sourceTree = "<group>"; };
		4E1B8FC91DE27362008F1AFE /* PT_Sans-Web-Regular.ttf */ = {isa = PBXFileReference; lastKnownFileType = file; path = "PT_Sans-Web-Regular.ttf"; sourceTree = "<group>"; };
		4E4531DF1DE24AC4006DAAAB /* TimeTravel.app */ = {isa = PBXFileReference; explicitFileType = wrapper.application; includeInIndex = 0; path = TimeTravel.app; sourceTree = BUILT_PRODUCTS_DIR; };
		4E4531E21DE24AC4006DAAAB /* AppDelegate.swift */ = {isa = PBXFileReference; lastKnownFileType = sourcecode.swift; path = AppDelegate.swift; sourceTree = "<group>"; };
		4E4531E41DE24AC4006DAAAB /* FirstViewController.swift */ = {isa = PBXFileReference; lastKnownFileType = sourcecode.swift; path = FirstViewController.swift; sourceTree = "<group>"; };
		4E4531E61DE24AC4006DAAAB /* SecondViewController.swift */ = {isa = PBXFileReference; lastKnownFileType = sourcecode.swift; path = SecondViewController.swift; sourceTree = "<group>"; };
		4E4531E91DE24AC4006DAAAB /* Base */ = {isa = PBXFileReference; lastKnownFileType = file.storyboard; name = Base; path = Base.lproj/Main.storyboard; sourceTree = "<group>"; };
		4E4531EB1DE24AC4006DAAAB /* Assets.xcassets */ = {isa = PBXFileReference; lastKnownFileType = folder.assetcatalog; path = Assets.xcassets; sourceTree = "<group>"; };
		4E4531EE1DE24AC4006DAAAB /* Base */ = {isa = PBXFileReference; lastKnownFileType = file.storyboard; name = Base; path = Base.lproj/LaunchScreen.storyboard; sourceTree = "<group>"; };
		4E4531F01DE24AC4006DAAAB /* Info.plist */ = {isa = PBXFileReference; lastKnownFileType = text.plist.xml; path = Info.plist; sourceTree = "<group>"; };
		4EA87AF31DE5F6A60063CE03 /* Utilities.swift */ = {isa = PBXFileReference; fileEncoding = 4; lastKnownFileType = sourcecode.swift; path = Utilities.swift; sourceTree = "<group>"; };
/* End PBXFileReference section */

/* Begin PBXFrameworksBuildPhase section */
		4E4531DC1DE24AC3006DAAAB /* Frameworks */ = {
			isa = PBXFrameworksBuildPhase;
			buildActionMask = 2147483647;
			files = (
			);
			runOnlyForDeploymentPostprocessing = 0;
		};
/* End PBXFrameworksBuildPhase section */

/* Begin PBXGroup section */
		4E4531D61DE24AC3006DAAAB = {
			isa = PBXGroup;
			children = (
				4E4531F61DE27070006DAAAB /* Resources */,
				4E4531E11DE24AC4006DAAAB /* TimeTravel */,
				4E4531E01DE24AC4006DAAAB /* Products */,
			);
			sourceTree = "<group>";
		};
		4E4531E01DE24AC4006DAAAB /* Products */ = {
			isa = PBXGroup;
			children = (
				4E4531DF1DE24AC4006DAAAB /* TimeTravel.app */,
			);
			name = Products;
			sourceTree = "<group>";
		};
		4E4531E11DE24AC4006DAAAB /* TimeTravel */ = {
			isa = PBXGroup;
			children = (
				4EA87AF21DE5F6750063CE03 /* New Group */,
				4E4531E21DE24AC4006DAAAB /* AppDelegate.swift */,
				4EA87AF31DE5F6A60063CE03 /* Utilities.swift */,
				4EA87AF11DE5F50F0063CE03 /* Controller */,
				4E4531E81DE24AC4006DAAAB /* Main.storyboard */,
				4E4531EB1DE24AC4006DAAAB /* Assets.xcassets */,
				4E4531ED1DE24AC4006DAAAB /* LaunchScreen.storyboard */,
				4E4531F01DE24AC4006DAAAB /* Info.plist */,
			);
			path = TimeTravel;
			sourceTree = "<group>";
		};
		4E4531F61DE27070006DAAAB /* Resources */ = {
			isa = PBXGroup;
			children = (
				4E1B8FC51DE27362008F1AFE /* OFL.txt */,
				4E1B8FC61DE27362008F1AFE /* PT_Sans-Web-Bold.ttf */,
				4E1B8FC71DE27362008F1AFE /* PT_Sans-Web-BoldItalic.ttf */,
				4E1B8FC81DE27362008F1AFE /* PT_Sans-Web-Italic.ttf */,
				4E1B8FC91DE27362008F1AFE /* PT_Sans-Web-Regular.ttf */,
			);
			name = Resources;
			sourceTree = "<group>";
		};
		4EA87AF11DE5F50F0063CE03 /* Controller */ = {
			isa = PBXGroup;
			children = (
				4E4531E41DE24AC4006DAAAB /* FirstViewController.swift */,
				4E4531E61DE24AC4006DAAAB /* SecondViewController.swift */,
			);
			name = Controller;
			sourceTree = "<group>";
		};
		4EA87AF21DE5F6750063CE03 /* New Group */ = {
			isa = PBXGroup;
			children = (
			);
			name = "New Group";
			sourceTree = "<group>";
		};
/* End PBXGroup section */

/* Begin PBXNativeTarget section */
		4E4531DE1DE24AC3006DAAAB /* TimeTravel */ = {
			isa = PBXNativeTarget;
			buildConfigurationList = 4E4531F31DE24AC4006DAAAB /* Build configuration list for PBXNativeTarget "TimeTravel" */;
			buildPhases = (
				4E4531DB1DE24AC3006DAAAB /* Sources */,
				4E4531DC1DE24AC3006DAAAB /* Frameworks */,
				4E4531DD1DE24AC3006DAAAB /* Resources */,
			);
			buildRules = (
			);
			dependencies = (
			);
			name = TimeTravel;
			productName = TimeTravel;
			productReference = 4E4531DF1DE24AC4006DAAAB /* TimeTravel.app */;
			productType = "com.apple.product-type.application";
		};
/* End PBXNativeTarget section */

/* Begin PBXProject section */
		4E4531D71DE24AC3006DAAAB /* Project object */ = {
			isa = PBXProject;
			attributes = {
				LastSwiftUpdateCheck = 0810;
				LastUpgradeCheck = 0810;
				ORGANIZATIONNAME = redwoodempiredev;
				TargetAttributes = {
					4E4531DE1DE24AC3006DAAAB = {
						CreatedOnToolsVersion = 8.1;
						DevelopmentTeam = C66PLD3WQ6;
						ProvisioningStyle = Automatic;
					};
				};
			};
			buildConfigurationList = 4E4531DA1DE24AC3006DAAAB /* Build configuration list for PBXProject "TimeTravel" */;
			compatibilityVersion = "Xcode 3.2";
			developmentRegion = English;
			hasScannedForEncodings = 0;
			knownRegions = (
				en,
				Base,
			);
			mainGroup = 4E4531D61DE24AC3006DAAAB;
			productRefGroup = 4E4531E01DE24AC4006DAAAB /* Products */;
			projectDirPath = "";
			projectRoot = "";
			targets = (
				4E4531DE1DE24AC3006DAAAB /* TimeTravel */,
			);
		};
/* End PBXProject section */

/* Begin PBXResourcesBuildPhase section */
		4E4531DD1DE24AC3006DAAAB /* Resources */ = {
			isa = PBXResourcesBuildPhase;
			buildActionMask = 2147483647;
			files = (
				4E1B8FCB1DE27362008F1AFE /* PT_Sans-Web-Bold.ttf in Resources */,
				4E4531EF1DE24AC4006DAAAB /* LaunchScreen.storyboard in Resources */,
				4E1B8FCD1DE27362008F1AFE /* PT_Sans-Web-Italic.ttf in Resources */,
				4E4531EC1DE24AC4006DAAAB /* Assets.xcassets in Resources */,
				4E1B8FCA1DE27362008F1AFE /* OFL.txt in Resources */,
				4E1B8FCE1DE27362008F1AFE /* PT_Sans-Web-Regular.ttf in Resources */,
				4E4531EA1DE24AC4006DAAAB /* Main.storyboard in Resources */,
				4E1B8FCC1DE27362008F1AFE /* PT_Sans-Web-BoldItalic.ttf in Resources */,
			);
			runOnlyForDeploymentPostprocessing = 0;
		};
/* End PBXResourcesBuildPhase section */

/* Begin PBXSourcesBuildPhase section */
		4E4531DB1DE24AC3006DAAAB /* Sources */ = {
			isa = PBXSourcesBuildPhase;
			buildActionMask = 2147483647;
			files = (
				4E4531E71DE24AC4006DAAAB /* SecondViewController.swift in Sources */,
				4E4531E31DE24AC4006DAAAB /* AppDelegate.swift in Sources */,
				4EA87AF41DE5F6A60063CE03 /* Utilities.swift in Sources */,
				4E4531E51DE24AC4006DAAAB /* FirstViewController.swift in Sources */,
			);
			runOnlyForDeploymentPostprocessing = 0;
		};
/* End PBXSourcesBuildPhase section */

/* Begin PBXVariantGroup section */
		4E4531E81DE24AC4006DAAAB /* Main.storyboard */ = {
			isa = PBXVariantGroup;
			children = (
				4E4531E91DE24AC4006DAAAB /* Base */,
			);
			name = Main.storyboard;
			sourceTree = "<group>";
		};
		4E4531ED1DE24AC4006DAAAB /* LaunchScreen.storyboard */ = {
			isa = PBXVariantGroup;
			children = (
				4E4531EE1DE24AC4006DAAAB /* Base */,
			);
			name = LaunchScreen.storyboard;
			sourceTree = "<group>";
		};
/* End PBXVariantGroup section */

/* Begin XCBuildConfiguration section */
		4E4531F11DE24AC4006DAAAB /* Debug */ = {
			isa = XCBuildConfiguration;
			buildSettings = {
				ALWAYS_SEARCH_USER_PATHS = NO;
				CLANG_ANALYZER_NONNULL = YES;
				CLANG_CXX_LANGUAGE_STANDARD = "gnu++0x";
				CLANG_CXX_LIBRARY = "libc++";
				CLANG_ENABLE_MODULES = YES;
				CLANG_ENABLE_OBJC_ARC = YES;
				CLANG_WARN_BOOL_CONVERSION = YES;
				CLANG_WARN_CONSTANT_CONVERSION = YES;
				CLANG_WARN_DIRECT_OBJC_ISA_USAGE = YES_ERROR;
				CLANG_WARN_DOCUMENTATION_COMMENTS = YES;
				CLANG_WARN_EMPTY_BODY = YES;
				CLANG_WARN_ENUM_CONVERSION = YES;
				CLANG_WARN_INFINITE_RECURSION = YES;
				CLANG_WARN_INT_CONVERSION = YES;
				CLANG_WARN_OBJC_ROOT_CLASS = YES_ERROR;
				CLANG_WARN_SUSPICIOUS_MOVES = YES;
				CLANG_WARN_UNREACHABLE_CODE = YES;
				CLANG_WARN__DUPLICATE_METHOD_MATCH = YES;
				"CODE_SIGN_IDENTITY[sdk=iphoneos*]" = "iPhone Developer";
				COPY_PHASE_STRIP = NO;
				DEBUG_INFORMATION_FORMAT = dwarf;
				ENABLE_STRICT_OBJC_MSGSEND = YES;
				ENABLE_TESTABILITY = YES;
				GCC_C_LANGUAGE_STANDARD = gnu99;
				GCC_DYNAMIC_NO_PIC = NO;
				GCC_NO_COMMON_BLOCKS = YES;
				GCC_OPTIMIZATION_LEVEL = 0;
				GCC_PREPROCESSOR_DEFINITIONS = (
					"DEBUG=1",
					"$(inherited)",
				);
				GCC_WARN_64_TO_32_BIT_CONVERSION = YES;
				GCC_WARN_ABOUT_RETURN_TYPE = YES_ERROR;
				GCC_WARN_UNDECLARED_SELECTOR = YES;
				GCC_WARN_UNINITIALIZED_AUTOS = YES_AGGRESSIVE;
				GCC_WARN_UNUSED_FUNCTION = YES;
				GCC_WARN_UNUSED_VARIABLE = YES;
				IPHONEOS_DEPLOYMENT_TARGET = 10.1;
				MTL_ENABLE_DEBUG_INFO = YES;
				ONLY_ACTIVE_ARCH = YES;
				SDKROOT = iphoneos;
				SWIFT_ACTIVE_COMPILATION_CONDITIONS = DEBUG;
				SWIFT_OPTIMIZATION_LEVEL = "-Onone";
			};
			name = Debug;
		};
		4E4531F21DE24AC4006DAAAB /* Release */ = {
			isa = XCBuildConfiguration;
			buildSettings = {
				ALWAYS_SEARCH_USER_PATHS = NO;
				CLANG_ANALYZER_NONNULL = YES;
				CLANG_CXX_LANGUAGE_STANDARD = "gnu++0x";
				CLANG_CXX_LIBRARY = "libc++";
				CLANG_ENABLE_MODULES = YES;
				CLANG_ENABLE_OBJC_ARC = YES;
				CLANG_WARN_BOOL_CONVERSION = YES;
				CLANG_WARN_CONSTANT_CONVERSION = YES;
				CLANG_WARN_DIRECT_OBJC_ISA_USAGE = YES_ERROR;
				CLANG_WARN_DOCUMENTATION_COMMENTS = YES;
				CLANG_WARN_EMPTY_BODY = YES;
				CLANG_WARN_ENUM_CONVERSION = YES;
				CLANG_WARN_INFINITE_RECURSION = YES;
				CLANG_WARN_INT_CONVERSION = YES;
				CLANG_WARN_OBJC_ROOT_CLASS = YES_ERROR;
				CLANG_WARN_SUSPICIOUS_MOVES = YES;
				CLANG_WARN_UNREACHABLE_CODE = YES;
				CLANG_WARN__DUPLICATE_METHOD_MATCH = YES;
				"CODE_SIGN_IDENTITY[sdk=iphoneos*]" = "iPhone Developer";
				COPY_PHASE_STRIP = NO;
				DEBUG_INFORMATION_FORMAT = "dwarf-with-dsym";
				ENABLE_NS_ASSERTIONS = NO;
				ENABLE_STRICT_OBJC_MSGSEND = YES;
				GCC_C_LANGUAGE_STANDARD = gnu99;
				GCC_NO_COMMON_BLOCKS = YES;
				GCC_WARN_64_TO_32_BIT_CONVERSION = YES;
				GCC_WARN_ABOUT_RETURN_TYPE = YES_ERROR;
				GCC_WARN_UNDECLARED_SELECTOR = YES;
				GCC_WARN_UNINITIALIZED_AUTOS = YES_AGGRESSIVE;
				GCC_WARN_UNUSED_FUNCTION = YES;
				GCC_WARN_UNUSED_VARIABLE = YES;
				IPHONEOS_DEPLOYMENT_TARGET = 10.1;
				MTL_ENABLE_DEBUG_INFO = NO;
				SDKROOT = iphoneos;
				SWIFT_OPTIMIZATION_LEVEL = "-Owholemodule";
				VALIDATE_PRODUCT = YES;
			};
			name = Release;
		};
		4E4531F41DE24AC4006DAAAB /* Debug */ = {
			isa = XCBuildConfiguration;
			buildSettings = {
				ASSETCATALOG_COMPILER_APPICON_NAME = AppIcon;
				DEVELOPMENT_TEAM = C66PLD3WQ6;
				INFOPLIST_FILE = TimeTravel/Info.plist;
				LD_RUNPATH_SEARCH_PATHS = "$(inherited) @executable_path/Frameworks";
				PRODUCT_BUNDLE_IDENTIFIER = com.redwoodempiredev.TimeTravel;
				PRODUCT_NAME = "$(TARGET_NAME)";
				SWIFT_VERSION = 3.0;
			};
			name = Debug;
		};
		4E4531F51DE24AC4006DAAAB /* Release */ = {
			isa = XCBuildConfiguration;
			buildSettings = {
				ASSETCATALOG_COMPILER_APPICON_NAME = AppIcon;
				DEVELOPMENT_TEAM = C66PLD3WQ6;
				INFOPLIST_FILE = TimeTravel/Info.plist;
				LD_RUNPATH_SEARCH_PATHS = "$(inherited) @executable_path/Frameworks";
				PRODUCT_BUNDLE_IDENTIFIER = com.redwoodempiredev.TimeTravel;
				PRODUCT_NAME = "$(TARGET_NAME)";
				SWIFT_VERSION = 3.0;
			};
			name = Release;
		};
/* End XCBuildConfiguration section */

/* Begin XCConfigurationList section */
		4E4531DA1DE24AC3006DAAAB /* Build configuration list for PBXProject "TimeTravel" */ = {
			isa = XCConfigurationList;
			buildConfigurations = (
				4E4531F11DE24AC4006DAAAB /* Debug */,
				4E4531F21DE24AC4006DAAAB /* Release */,
			);
			defaultConfigurationIsVisible = 0;
			defaultConfigurationName = Release;
		};
		4E4531F31DE24AC4006DAAAB /* Build configuration list for PBXNativeTarget "TimeTravel" */ = {
			isa = XCConfigurationList;
			buildConfigurations = (
				4E4531F41DE24AC4006DAAAB /* Debug */,
				4E4531F51DE24AC4006DAAAB /* Release */,
			);
			defaultConfigurationIsVisible = 0;
			defaultConfigurationName = Release;
		};
/* End XCConfigurationList section */
	};
	rootObject = 4E4531D71DE24AC3006DAAAB /* Project object */;
}
